
Microsoft Visual Studio Solution File, Format Version 12.00
# Visual Studio Version 16
VisualStudioVersion = 16.0.29806.167
MinimumVisualStudioVersion = 10.0.40219.1
Project("{FAE04EC0-301F-11D3-BF4B-00C04F79EFBC}") = "GeometricPrimitives", "GeometricPrimitives.csproj", "{BF33CDEA-6A3F-4586-A1B3-5A6E231C0A68}"
EndProject
Project("{FAE04EC0-301F-11D3-BF4B-00C04F79EFBC}") = "GeometricPrimitives.UnitTests", "..\GeometricPrimitives.UnitTests\GeometricPrimitives.UnitTests.csproj", "{12FEFA99-CF5A-41D2-99F3-0CEC1F885398}"
EndProject
Global
	GlobalSection(SolutionConfigurationPlatforms) = preSolution
		Debug|Any CPU = Debug|Any CPU
		Release|Any CPU = Release|Any CPU
	EndGlobalSection
	GlobalSection(ProjectConfigurationPlatforms) = postSolution
		{BF33CDEA-6A3F-4586-A1B3-5A6E231C0A68}.Debug|Any CPU.ActiveCfg = Debug|Any CPU
		{BF33CDEA-6A3F-4586-A1B3-5A6E231C0A68}.Debug|Any CPU.Build.0 = Debug|Any CPU
		{BF33CDEA-6A3F-4586-A1B3-5A6E231C0A68}.Release|Any CPU.ActiveCfg = Release|Any CPU
		{BF33CDEA-6A3F-4586-A1B3-5A6E231C0A68}.Release|Any CPU.Build.0 = Release|Any CPU
		{12FEFA99-CF5A-41D2-99F3-0CEC1F885398}.Debug|Any CPU.ActiveCfg = Debug|Any CPU
		{12FEFA99-CF5A-41D2-99F3-0CEC1F885398}.Debug|Any CPU.Build.0 = Debug|Any CPU
		{12FEFA99-CF5A-41D2-99F3-0CEC1F885398}.Release|Any CPU.ActiveCfg = Release|Any CPU
		{12FEFA99-CF5A-41D2-99F3-0CEC1F885398}.Release|Any CPU.Build.0 = Release|Any CPU
	EndGlobalSection
	GlobalSection(SolutionProperties) = preSolution
		HideSolutionNode = FALSE
	EndGlobalSection
	GlobalSection(ExtensibilityGlobals) = postSolution
		SolutionGuid = {BFFD679E-AB8A-4209-A443-122E31379111}
	EndGlobalSection
EndGlobal
